
Microsoft Visual Studio Solution File, Format Version 11.00
# Visual Studio 2010
Project("{FAE04EC0-301F-11D3-BF4B-00C04F79EFBC}") = "MUDBug", "MUDBug\MUDBug.csproj", "{96B05BEF-0DB6-4755-A7F6-D1612BB6FCDE}"
EndProject
Project("{FAE04EC0-301F-11D3-BF4B-00C04F79EFBC}") = "MUDBug.Tests", "MUDBug.Tests\MUDBug.Tests.csproj", "{3F947B07-8BC6-423F-A5DE-3714E12E4E60}"
EndProject
Global
	GlobalSection(SolutionConfigurationPlatforms) = preSolution
		Debug|Any CPU = Debug|Any CPU
		Release|Any CPU = Release|Any CPU
	EndGlobalSection
	GlobalSection(ProjectConfigurationPlatforms) = postSolution
		{96B05BEF-0DB6-4755-A7F6-D1612BB6FCDE}.Debug|Any CPU.ActiveCfg = Debug|Any CPU
		{96B05BEF-0DB6-4755-A7F6-D1612BB6FCDE}.Debug|Any CPU.Build.0 = Debug|Any CPU
		{96B05BEF-0DB6-4755-A7F6-D1612BB6FCDE}.Release|Any CPU.ActiveCfg = Release|Any CPU
		{96B05BEF-0DB6-4755-A7F6-D1612BB6FCDE}.Release|Any CPU.Build.0 = Release|Any CPU
		{3F947B07-8BC6-423F-A5DE-3714E12E4E60}.Debug|Any CPU.ActiveCfg = Debug|Any CPU
		{3F947B07-8BC6-423F-A5DE-3714E12E4E60}.Debug|Any CPU.Build.0 = Debug|Any CPU
		{3F947B07-8BC6-423F-A5DE-3714E12E4E60}.Release|Any CPU.ActiveCfg = Release|Any CPU
		{3F947B07-8BC6-423F-A5DE-3714E12E4E60}.Release|Any CPU.Build.0 = Release|Any CPU
	EndGlobalSection
	GlobalSection(SolutionProperties) = preSolution
		HideSolutionNode = FALSE
	EndGlobalSection
EndGlobal
